
Microsoft Visual Studio Solution File, Format Version 12.00
# Visual Studio Version 17
VisualStudioVersion = 17.8.34309.116
MinimumVisualStudioVersion = 10.0.40219.1
Project("{FAE04EC0-301F-11D3-BF4B-00C04F79EFBC}") = "LatihanGithub2", "LatihanGithub2\LatihanGithub2.csproj", "{B7A732D1-B56E-460D-8B98-AE7A51FA55CB}"
EndProject
Global
	GlobalSection(SolutionConfigurationPlatforms) = preSolution
		Debug|Any CPU = Debug|Any CPU
		Release|Any CPU = Release|Any CPU
	EndGlobalSection
	GlobalSection(ProjectConfigurationPlatforms) = postSolution
		{B7A732D1-B56E-460D-8B98-AE7A51FA55CB}.Debug|Any CPU.ActiveCfg = Debug|Any CPU
		{B7A732D1-B56E-460D-8B98-AE7A51FA55CB}.Debug|Any CPU.Build.0 = Debug|Any CPU
		{B7A732D1-B56E-460D-8B98-AE7A51FA55CB}.Release|Any CPU.ActiveCfg = Release|Any CPU
		{B7A732D1-B56E-460D-8B98-AE7A51FA55CB}.Release|Any CPU.Build.0 = Release|Any CPU
	EndGlobalSection
	GlobalSection(SolutionProperties) = preSolution
		HideSolutionNode = FALSE
	EndGlobalSection
	GlobalSection(ExtensibilityGlobals) = postSolution
		SolutionGuid = {EC001ACD-7798-4CE2-AE86-D11B6D9374FC}
	EndGlobalSection
EndGlobal
